
Microsoft Visual Studio Solution File, Format Version 12.00
# Visual Studio Version 17
VisualStudioVersion = 17.13.35825.156
MinimumVisualStudioVersion = 10.0.40219.1
Project("{FAE04EC0-301F-11D3-BF4B-00C04F79EFBC}") = "SevenWondersUI", "source\SevenWondersUI\SevenWondersUI.csproj", "{A80DAD45-A7AF-45EA-BAF9-D87B56A2E893}"
EndProject
Project("{FAE04EC0-301F-11D3-BF4B-00C04F79EFBC}") = "GameController", "source\GameController\GameController.csproj", "{51601404-86F0-4744-A65D-4B474FC05DF1}"
EndProject
Project("{FAE04EC0-301F-11D3-BF4B-00C04F79EFBC}") = "AIModell", "source\AIModell\AIModell.csproj", "{3C9BCAB7-4503-49BE-B852-C47D47780DE7}"
EndProject
Project("{FAE04EC0-301F-11D3-BF4B-00C04F79EFBC}") = "WebServer", "source\WebServer\WebServer.csproj", "{91AC41CA-E836-453E-97F7-92EF4090166C}"
EndProject
Project("{FAE04EC0-301F-11D3-BF4B-00C04F79EFBC}") = "GameLogic_UnitTests", "source\GameLogic_UnitTests\GameLogic_UnitTests.csproj", "{A018E274-F949-49B9-BF61-8BFCE3054611}"
EndProject
Project("{FAE04EC0-301F-11D3-BF4B-00C04F79EFBC}") = "GameLogic", "source\GameLogic\GameLogic.csproj", "{1CA9F130-B3CF-DFBC-F068-2112E661767F}"
EndProject
Project("{FAE04EC0-301F-11D3-BF4B-00C04F79EFBC}") = "SevenWonders.Common", "source\SevenWonders.Common\SevenWonders.Common.csproj", "{B18D7FFC-B8D6-46DF-A00D-D079CE31A98F}"
EndProject
Project("{FAE04EC0-301F-11D3-BF4B-00C04F79EFBC}") = "SevenWonders.GameEngine", "source\SevenWonders.GameEngine\SevenWonders.GameEngine.csproj", "{7FE6210E-A4F0-9909-404D-401C4749B525}"
EndProject
Global
	GlobalSection(SolutionConfigurationPlatforms) = preSolution
		Debug|Any CPU = Debug|Any CPU
		Release|Any CPU = Release|Any CPU
	EndGlobalSection
	GlobalSection(ProjectConfigurationPlatforms) = postSolution
		{A80DAD45-A7AF-45EA-BAF9-D87B56A2E893}.Debug|Any CPU.ActiveCfg = Debug|Any CPU
		{A80DAD45-A7AF-45EA-BAF9-D87B56A2E893}.Debug|Any CPU.Build.0 = Debug|Any CPU
		{A80DAD45-A7AF-45EA-BAF9-D87B56A2E893}.Release|Any CPU.ActiveCfg = Release|Any CPU
		{A80DAD45-A7AF-45EA-BAF9-D87B56A2E893}.Release|Any CPU.Build.0 = Release|Any CPU
		{51601404-86F0-4744-A65D-4B474FC05DF1}.Debug|Any CPU.ActiveCfg = Debug|Any CPU
		{51601404-86F0-4744-A65D-4B474FC05DF1}.Debug|Any CPU.Build.0 = Debug|Any CPU
		{51601404-86F0-4744-A65D-4B474FC05DF1}.Release|Any CPU.ActiveCfg = Release|Any CPU
		{51601404-86F0-4744-A65D-4B474FC05DF1}.Release|Any CPU.Build.0 = Release|Any CPU
		{3C9BCAB7-4503-49BE-B852-C47D47780DE7}.Debug|Any CPU.ActiveCfg = Debug|Any CPU
		{3C9BCAB7-4503-49BE-B852-C47D47780DE7}.Debug|Any CPU.Build.0 = Debug|Any CPU
		{3C9BCAB7-4503-49BE-B852-C47D47780DE7}.Release|Any CPU.ActiveCfg = Release|Any CPU
		{3C9BCAB7-4503-49BE-B852-C47D47780DE7}.Release|Any CPU.Build.0 = Release|Any CPU
		{91AC41CA-E836-453E-97F7-92EF4090166C}.Debug|Any CPU.ActiveCfg = Debug|Any CPU
		{91AC41CA-E836-453E-97F7-92EF4090166C}.Debug|Any CPU.Build.0 = Debug|Any CPU
		{91AC41CA-E836-453E-97F7-92EF4090166C}.Release|Any CPU.ActiveCfg = Release|Any CPU
		{91AC41CA-E836-453E-97F7-92EF4090166C}.Release|Any CPU.Build.0 = Release|Any CPU
		{A018E274-F949-49B9-BF61-8BFCE3054611}.Debug|Any CPU.ActiveCfg = Debug|Any CPU
		{A018E274-F949-49B9-BF61-8BFCE3054611}.Debug|Any CPU.Build.0 = Debug|Any CPU
		{A018E274-F949-49B9-BF61-8BFCE3054611}.Release|Any CPU.ActiveCfg = Release|Any CPU
		{A018E274-F949-49B9-BF61-8BFCE3054611}.Release|Any CPU.Build.0 = Release|Any CPU
		{1CA9F130-B3CF-DFBC-F068-2112E661767F}.Debug|Any CPU.ActiveCfg = Debug|Any CPU
		{1CA9F130-B3CF-DFBC-F068-2112E661767F}.Debug|Any CPU.Build.0 = Debug|Any CPU
		{1CA9F130-B3CF-DFBC-F068-2112E661767F}.Release|Any CPU.ActiveCfg = Release|Any CPU
		{1CA9F130-B3CF-DFBC-F068-2112E661767F}.Release|Any CPU.Build.0 = Release|Any CPU
		{B18D7FFC-B8D6-46DF-A00D-D079CE31A98F}.Debug|Any CPU.ActiveCfg = Debug|Any CPU
		{B18D7FFC-B8D6-46DF-A00D-D079CE31A98F}.Debug|Any CPU.Build.0 = Debug|Any CPU
		{B18D7FFC-B8D6-46DF-A00D-D079CE31A98F}.Release|Any CPU.ActiveCfg = Release|Any CPU
		{B18D7FFC-B8D6-46DF-A00D-D079CE31A98F}.Release|Any CPU.Build.0 = Release|Any CPU
		{7FE6210E-A4F0-9909-404D-401C4749B525}.Debug|Any CPU.ActiveCfg = Debug|Any CPU
		{7FE6210E-A4F0-9909-404D-401C4749B525}.Debug|Any CPU.Build.0 = Debug|Any CPU
		{7FE6210E-A4F0-9909-404D-401C4749B525}.Release|Any CPU.ActiveCfg = Release|Any CPU
		{7FE6210E-A4F0-9909-404D-401C4749B525}.Release|Any CPU.Build.0 = Release|Any CPU
	EndGlobalSection
	GlobalSection(SolutionProperties) = preSolution
		HideSolutionNode = FALSE
	EndGlobalSection
	GlobalSection(ExtensibilityGlobals) = postSolution
		SolutionGuid = {76929623-B421-47D7-9444-F99F1FAD5C0C}
	EndGlobalSection
EndGlobal
