
Microsoft Visual Studio Solution File, Format Version 12.00
# Visual Studio Version 17
VisualStudioVersion = 17.14.36310.24
MinimumVisualStudioVersion = 10.0.40219.1
Project("{888888A0-9F3D-457C-B088-3A5042F75D52}") = "SevenWonders.AI.Trainer", "source\SevenWonders.AI.Trainer\SevenWonders.AI.Trainer.pyproj", "{4CFD0B55-3293-4CB6-8FED-01E07C18E3B7}"
EndProject
Global
	GlobalSection(SolutionConfigurationPlatforms) = preSolution
		Debug|Any CPU = Debug|Any CPU
		Release|Any CPU = Release|Any CPU
	EndGlobalSection
	GlobalSection(ProjectConfigurationPlatforms) = postSolution
		{4CFD0B55-3293-4CB6-8FED-01E07C18E3B7}.Debug|Any CPU.ActiveCfg = Debug|Any CPU
		{4CFD0B55-3293-4CB6-8FED-01E07C18E3B7}.Release|Any CPU.ActiveCfg = Release|Any CPU
	EndGlobalSection
	GlobalSection(SolutionProperties) = preSolution
		HideSolutionNode = FALSE
	EndGlobalSection
	GlobalSection(ExtensibilityGlobals) = postSolution
		SolutionGuid = {7386FB85-832F-4056-905D-15D37A1B329F}
	EndGlobalSection
EndGlobal
